{
  "requires": true,
  "lockfileVersion": 1,
  "dependencies": {
    "nodemailer": {
      "version": "6.2.1",
      "resolved": "https://registry.npmjs.org/nodemailer/-/nodemailer-6.2.1.tgz",
      "integrity": "sha512-TagB7iuIi9uyNgHExo8lUDq3VK5/B0BpbkcjIgNvxbtVrjNqq0DwAOTuzALPVkK76kMhTSzIgHqg8X1uklVs6g=="
    }
  }
}
