
Microsoft Visual Studio Solution File, Format Version 12.00
# Visual Studio Version 16
VisualStudioVersion = 16.0.29709.97
MinimumVisualStudioVersion = 10.0.40219.1
Project("{FAE04EC0-301F-11D3-BF4B-00C04F79EFBC}") = "EmailSendingUtility", "EmailSendingUtility\EmailSendingUtility.csproj", "{0D6AF96B-672E-47AC-97D5-CD005E989D6F}"
EndProject
Project("{FAE04EC0-301F-11D3-BF4B-00C04F79EFBC}") = "MailUtility", "MailUtility\MailUtility.csproj", "{187ACA75-30E2-4CDA-AFCA-10244E093058}"
EndProject
Global
	GlobalSection(SolutionConfigurationPlatforms) = preSolution
		Debug|Any CPU = Debug|Any CPU
		Release|Any CPU = Release|Any CPU
	EndGlobalSection
	GlobalSection(ProjectConfigurationPlatforms) = postSolution
		{0D6AF96B-672E-47AC-97D5-CD005E989D6F}.Debug|Any CPU.ActiveCfg = Debug|Any CPU
		{0D6AF96B-672E-47AC-97D5-CD005E989D6F}.Debug|Any CPU.Build.0 = Debug|Any CPU
		{0D6AF96B-672E-47AC-97D5-CD005E989D6F}.Release|Any CPU.ActiveCfg = Release|Any CPU
		{0D6AF96B-672E-47AC-97D5-CD005E989D6F}.Release|Any CPU.Build.0 = Release|Any CPU
		{187ACA75-30E2-4CDA-AFCA-10244E093058}.Debug|Any CPU.ActiveCfg = Debug|Any CPU
		{187ACA75-30E2-4CDA-AFCA-10244E093058}.Debug|Any CPU.Build.0 = Debug|Any CPU
		{187ACA75-30E2-4CDA-AFCA-10244E093058}.Release|Any CPU.ActiveCfg = Release|Any CPU
		{187ACA75-30E2-4CDA-AFCA-10244E093058}.Release|Any CPU.Build.0 = Release|Any CPU
	EndGlobalSection
	GlobalSection(SolutionProperties) = preSolution
		HideSolutionNode = FALSE
	EndGlobalSection
	GlobalSection(ExtensibilityGlobals) = postSolution
		SolutionGuid = {C7FA11E3-82B9-455D-9C5A-0BBE78BE3B79}
	EndGlobalSection
EndGlobal
